
Microsoft Visual Studio Solution File, Format Version 12.00
# Visual Studio 15
VisualStudioVersion = 15.0.28010.2026
MinimumVisualStudioVersion = 10.0.40219.1
Project("{9A19103F-16F7-4668-BE54-9A1E7A4F7556}") = "LdCms.EF", "LdCms.EF\LdCms.EF.csproj", "{F62F6512-7B7B-44FB-B631-38ACF2DD9E96}"
EndProject
Project("{2150E333-8FDC-42A3-9474-1A3956D46DE8}") = "Common", "Common", "{06F5C787-740B-4451-81FF-C4DE520EFDCF}"
EndProject
Project("{9A19103F-16F7-4668-BE54-9A1E7A4F7556}") = "LdCms.Common", "LdCms.Common\LdCms.Common.csproj", "{5416BA31-F390-4694-80D0-6481A7F1666C}"
EndProject
Project("{2150E333-8FDC-42A3-9474-1A3956D46DE8}") = "Model", "Model", "{BB1F8ECE-8815-446A-8574-34FB4A942604}"
EndProject
Project("{2150E333-8FDC-42A3-9474-1A3956D46DE8}") = "Web", "Web", "{CB39F7DC-2FE2-4D4A-9DE0-BBF5E29479EE}"
EndProject
Project("{2150E333-8FDC-42A3-9474-1A3956D46DE8}") = "DAL", "DAL", "{D981E2A0-4F0F-492A-AA08-BE0682D44B7C}"
EndProject
Project("{9A19103F-16F7-4668-BE54-9A1E7A4F7556}") = "LdCms.DAL", "LdCms.DAL\LdCms.DAL.csproj", "{ACCC2004-15F3-4EE4-B243-3D93F5E3ADE0}"
EndProject
Project("{9A19103F-16F7-4668-BE54-9A1E7A4F7556}") = "LdCms.IDAL", "LdCms.IDAL\LdCms.IDAL.csproj", "{F22691AF-5151-49E8-997F-83F84CA943E1}"
EndProject
Project("{2150E333-8FDC-42A3-9474-1A3956D46DE8}") = "BLL", "BLL", "{0A2343DE-5F75-4FA3-9C64-7186089E828D}"
EndProject
Project("{9A19103F-16F7-4668-BE54-9A1E7A4F7556}") = "LdCms.BLL", "LdCms.BLL\LdCms.BLL.csproj", "{6AE88670-70ED-4DE4-B56F-C9E525CBC62A}"
EndProject
Project("{9A19103F-16F7-4668-BE54-9A1E7A4F7556}") = "LdCms.IBLL", "LdCms.IBLL\LdCms.IBLL.csproj", "{E655A3CF-E195-437C-B027-1070804BAC53}"
EndProject
Project("{9A19103F-16F7-4668-BE54-9A1E7A4F7556}") = "LdCms.Web", "LdCms.Web\LdCms.Web.csproj", "{D4AD6A6B-D18F-4400-9CDF-1EABEA1A897A}"
EndProject
Project("{2150E333-8FDC-42A3-9474-1A3956D46DE8}") = "Plugins", "Plugins", "{78528AA8-1564-447B-AB5C-5770FA687578}"
EndProject
Project("{9A19103F-16F7-4668-BE54-9A1E7A4F7556}") = "LdCms.Plugins.UEditor", "LdCms.Plugins.UEditor\LdCms.Plugins.UEditor.csproj", "{F04C4C60-109F-4DB8-BAF4-ECC0FD572489}"
EndProject
Project("{9A19103F-16F7-4668-BE54-9A1E7A4F7556}") = "LdCms.Plugins.WeChat", "LdCms.Plugins.WeChat\LdCms.Plugins.WeChat.csproj", "{5C995702-2A97-4F9B-84A3-EFE71739DBF9}"
EndProject
Project("{FAE04EC0-301F-11D3-BF4B-00C04F79EFBC}") = "LdCms.Model", "LdCms.Model\LdCms.Model.csproj", "{F457C372-AAA7-45E0-B0DF-A0BCD96740B1}"
EndProject
Global
	GlobalSection(SolutionConfigurationPlatforms) = preSolution
		Debug|Any CPU = Debug|Any CPU
		Release|Any CPU = Release|Any CPU
	EndGlobalSection
	GlobalSection(ProjectConfigurationPlatforms) = postSolution
		{F62F6512-7B7B-44FB-B631-38ACF2DD9E96}.Debug|Any CPU.ActiveCfg = Debug|Any CPU
		{F62F6512-7B7B-44FB-B631-38ACF2DD9E96}.Debug|Any CPU.Build.0 = Debug|Any CPU
		{F62F6512-7B7B-44FB-B631-38ACF2DD9E96}.Release|Any CPU.ActiveCfg = Release|Any CPU
		{F62F6512-7B7B-44FB-B631-38ACF2DD9E96}.Release|Any CPU.Build.0 = Release|Any CPU
		{5416BA31-F390-4694-80D0-6481A7F1666C}.Debug|Any CPU.ActiveCfg = Debug|Any CPU
		{5416BA31-F390-4694-80D0-6481A7F1666C}.Debug|Any CPU.Build.0 = Debug|Any CPU
		{5416BA31-F390-4694-80D0-6481A7F1666C}.Release|Any CPU.ActiveCfg = Release|Any CPU
		{5416BA31-F390-4694-80D0-6481A7F1666C}.Release|Any CPU.Build.0 = Release|Any CPU
		{ACCC2004-15F3-4EE4-B243-3D93F5E3ADE0}.Debug|Any CPU.ActiveCfg = Debug|Any CPU
		{ACCC2004-15F3-4EE4-B243-3D93F5E3ADE0}.Debug|Any CPU.Build.0 = Debug|Any CPU
		{ACCC2004-15F3-4EE4-B243-3D93F5E3ADE0}.Release|Any CPU.ActiveCfg = Release|Any CPU
		{ACCC2004-15F3-4EE4-B243-3D93F5E3ADE0}.Release|Any CPU.Build.0 = Release|Any CPU
		{F22691AF-5151-49E8-997F-83F84CA943E1}.Debug|Any CPU.ActiveCfg = Debug|Any CPU
		{F22691AF-5151-49E8-997F-83F84CA943E1}.Debug|Any CPU.Build.0 = Debug|Any CPU
		{F22691AF-5151-49E8-997F-83F84CA943E1}.Release|Any CPU.ActiveCfg = Release|Any CPU
		{F22691AF-5151-49E8-997F-83F84CA943E1}.Release|Any CPU.Build.0 = Release|Any CPU
		{6AE88670-70ED-4DE4-B56F-C9E525CBC62A}.Debug|Any CPU.ActiveCfg = Debug|Any CPU
		{6AE88670-70ED-4DE4-B56F-C9E525CBC62A}.Debug|Any CPU.Build.0 = Debug|Any CPU
		{6AE88670-70ED-4DE4-B56F-C9E525CBC62A}.Release|Any CPU.ActiveCfg = Release|Any CPU
		{6AE88670-70ED-4DE4-B56F-C9E525CBC62A}.Release|Any CPU.Build.0 = Release|Any CPU
		{E655A3CF-E195-437C-B027-1070804BAC53}.Debug|Any CPU.ActiveCfg = Debug|Any CPU
		{E655A3CF-E195-437C-B027-1070804BAC53}.Debug|Any CPU.Build.0 = Debug|Any CPU
		{E655A3CF-E195-437C-B027-1070804BAC53}.Release|Any CPU.ActiveCfg = Release|Any CPU
		{E655A3CF-E195-437C-B027-1070804BAC53}.Release|Any CPU.Build.0 = Release|Any CPU
		{D4AD6A6B-D18F-4400-9CDF-1EABEA1A897A}.Debug|Any CPU.ActiveCfg = Debug|Any CPU
		{D4AD6A6B-D18F-4400-9CDF-1EABEA1A897A}.Debug|Any CPU.Build.0 = Debug|Any CPU
		{D4AD6A6B-D18F-4400-9CDF-1EABEA1A897A}.Release|Any CPU.ActiveCfg = Release|Any CPU
		{D4AD6A6B-D18F-4400-9CDF-1EABEA1A897A}.Release|Any CPU.Build.0 = Release|Any CPU
		{F04C4C60-109F-4DB8-BAF4-ECC0FD572489}.Debug|Any CPU.ActiveCfg = Debug|Any CPU
		{F04C4C60-109F-4DB8-BAF4-ECC0FD572489}.Debug|Any CPU.Build.0 = Debug|Any CPU
		{F04C4C60-109F-4DB8-BAF4-ECC0FD572489}.Release|Any CPU.ActiveCfg = Release|Any CPU
		{F04C4C60-109F-4DB8-BAF4-ECC0FD572489}.Release|Any CPU.Build.0 = Release|Any CPU
		{5C995702-2A97-4F9B-84A3-EFE71739DBF9}.Debug|Any CPU.ActiveCfg = Debug|Any CPU
		{5C995702-2A97-4F9B-84A3-EFE71739DBF9}.Debug|Any CPU.Build.0 = Debug|Any CPU
		{5C995702-2A97-4F9B-84A3-EFE71739DBF9}.Release|Any CPU.ActiveCfg = Release|Any CPU
		{5C995702-2A97-4F9B-84A3-EFE71739DBF9}.Release|Any CPU.Build.0 = Release|Any CPU
		{F457C372-AAA7-45E0-B0DF-A0BCD96740B1}.Debug|Any CPU.ActiveCfg = Debug|Any CPU
		{F457C372-AAA7-45E0-B0DF-A0BCD96740B1}.Debug|Any CPU.Build.0 = Debug|Any CPU
		{F457C372-AAA7-45E0-B0DF-A0BCD96740B1}.Release|Any CPU.ActiveCfg = Release|Any CPU
		{F457C372-AAA7-45E0-B0DF-A0BCD96740B1}.Release|Any CPU.Build.0 = Release|Any CPU
	EndGlobalSection
	GlobalSection(SolutionProperties) = preSolution
		HideSolutionNode = FALSE
	EndGlobalSection
	GlobalSection(NestedProjects) = preSolution
		{F62F6512-7B7B-44FB-B631-38ACF2DD9E96} = {BB1F8ECE-8815-446A-8574-34FB4A942604}
		{5416BA31-F390-4694-80D0-6481A7F1666C} = {06F5C787-740B-4451-81FF-C4DE520EFDCF}
		{ACCC2004-15F3-4EE4-B243-3D93F5E3ADE0} = {D981E2A0-4F0F-492A-AA08-BE0682D44B7C}
		{F22691AF-5151-49E8-997F-83F84CA943E1} = {D981E2A0-4F0F-492A-AA08-BE0682D44B7C}
		{6AE88670-70ED-4DE4-B56F-C9E525CBC62A} = {0A2343DE-5F75-4FA3-9C64-7186089E828D}
		{E655A3CF-E195-437C-B027-1070804BAC53} = {0A2343DE-5F75-4FA3-9C64-7186089E828D}
		{D4AD6A6B-D18F-4400-9CDF-1EABEA1A897A} = {CB39F7DC-2FE2-4D4A-9DE0-BBF5E29479EE}
		{F04C4C60-109F-4DB8-BAF4-ECC0FD572489} = {78528AA8-1564-447B-AB5C-5770FA687578}
		{5C995702-2A97-4F9B-84A3-EFE71739DBF9} = {78528AA8-1564-447B-AB5C-5770FA687578}
		{F457C372-AAA7-45E0-B0DF-A0BCD96740B1} = {BB1F8ECE-8815-446A-8574-34FB4A942604}
	EndGlobalSection
	GlobalSection(ExtensibilityGlobals) = postSolution
		SolutionGuid = {AAA83C48-022F-498F-BCD8-7D6090413A51}
	EndGlobalSection
EndGlobal
